{
  "name": "travel",
  "lockfileVersion": 3,
  "requires": true,
  "packages": {
    "": {
      "dependencies": {
        "aos": "*",
        "react-icons": "*",
        "react-router-dom": "*"
      }
    },
    "node_modules": {
      "extraneous": true
    },
    "node_modules/aos": {
      "version": "2.3.4",
      "resolved": "https://registry.npmjs.org/aos/-/aos-2.3.4.tgz",
      "integrity": "sha512-zh/ahtR2yME4I51z8IttIt4lC1Nw0ktsFtmeDzID1m9naJnWXhCoARaCgNOGXb5CLy3zm+wqmRAEgMYB5E2HUw==",
      "extraneous": true,
      "license": "MIT",
      "dependencies": {
        "classlist-polyfill": "^1.0.3",
        "lodash.debounce": "^4.0.6",
        "lodash.throttle": "^4.0.1"
      },
      "devDependencies": {
        "autoprefixer": "^7.1.2",
        "babel-core": "^6.9.1",
        "babel-loader": "^6.2.4",
        "babel-plugin-transform-object-assign": "^6.8.0",
        "babel-polyfill": "^6.9.1",
        "babel-preset-es2015": "^6.9.0",
        "css-loader": "^0.28.0",
        "extract-text-webpack-plugin": "^1.0.1",
        "jasmine-core": "^2.3.4",
        "jasmine-fixture": "^2.0.0",
        "jasmine-jquery": "^2.1.1",
        "jquery": "^3.1.1",
        "karma": "^1.4.0",
        "karma-chrome-launcher": "^2.0.0",
        "karma-jasmine": "^1.1.0",
        "karma-jasmine-jquery": "^0.1.1",
        "karma-webpack": "^2.0.1",
        "node-sass": "^4.3.0",
        "phantomjs": "^2.1.7",
        "postcss-loader": "^2.0.6",
        "sass-loader": "^4.1.1",
        "style-loader": "^0.18.2",
        "webpack": "^1.13.1",
        "webpack-dev-server": "^1.14.1"
      }
    },
    "node_modules/react-icons": {
      "version": "5.6.0",
      "resolved": "https://registry.npmjs.org/react-icons/-/react-icons-5.6.0.tgz",
      "integrity": "sha512-RH93p5ki6LfOiIt0UtDyNg/cee+HLVR6cHHtW3wALfo+eOHTp8RnU2kRkI6E+H19zMIs03DyxUG/GfZMOGvmiA==",
      "extraneous": true,
      "license": "MIT",
      "peerDependencies": {
        "react": "*"
      }
    },
    "node_modules/react-router": {
      "version": "7.13.1",
      "resolved": "https://registry.npmjs.org/react-router/-/react-router-7.13.1.tgz",
      "integrity": "sha512-td+xP4X2/6BJvZoX6xw++A2DdEi++YypA69bJUV5oVvqf6/9/9nNlD70YO1e9d3MyamJEBQFEzk6mbfDYbqrSA==",
      "extraneous": true,
      "license": "MIT",
      "dependencies": {
        "cookie": "^1.0.1",
        "set-cookie-parser": "^2.6.0"
      },
      "devDependencies": {
        "@testing-library/jest-dom": "^6.6.3",
        "@testing-library/react": "^16.3.0",
        "@testing-library/user-event": "^14.6.1",
        "@types/set-cookie-parser": "^2.4.1",
        "jest-environment-jsdom": "^29.6.2",
        "premove": "^4.0.0",
        "react": "^19.2.3",
        "react-dom": "^19.2.3",
        "react-test-renderer": "^19.1.0",
        "tsup": "^8.3.0",
        "typescript": "^5.4.5",
        "undici": "^6.19.2",
        "wireit": "0.14.9"
      },
      "engines": {
        "node": ">=20.0.0"
      },
      "peerDependencies": {
        "react": ">=18",
        "react-dom": ">=18"
      },
      "peerDependenciesMeta": {
        "react-dom": {
          "optional": true
        }
      }
    },
    "node_modules/react-router-dom": {
      "version": "7.13.1",
      "resolved": "https://registry.npmjs.org/react-router-dom/-/react-router-dom-7.13.1.tgz",
      "integrity": "sha512-UJnV3Rxc5TgUPJt2KJpo1Jpy0OKQr0AjgbZzBFjaPJcFOb2Y8jA5H3LT8HUJAiRLlWrEXWHbF1Z4SCZaQjWDHw==",
      "extraneous": true,
      "license": "MIT",
      "dependencies": {
        "react-router": "7.13.1"
      },
      "devDependencies": {
        "react": "^19.2.3",
        "react-dom": "^19.2.3",
        "tsup": "^8.3.0",
        "typescript": "^5.4.5",
        "wireit": "0.14.9"
      },
      "engines": {
        "node": ">=20.0.0"
      },
      "peerDependencies": {
        "react": ">=18",
        "react-dom": ">=18"
      }
    },
    "node_modules/set-cookie-parser": {
      "version": "2.7.2",
      "resolved": "https://registry.npmjs.org/set-cookie-parser/-/set-cookie-parser-2.7.2.tgz",
      "integrity": "sha512-oeM1lpU/UvhTxw+g3cIfxXHyJRc/uidd3yK1P242gzHds0udQBYzs3y8j4gCCW+ZJ7ad0yctld8RYO+bdurlvw==",
      "extraneous": true,
      "license": "MIT",
      "devDependencies": {
        "eslint": "^8.57.0",
        "eslint-config-prettier": "^9.1.0",
        "eslint-plugin-prettier": "^5.1.3",
        "husky": "^9.0.11",
        "mocha": "^10.3.0",
        "prettier": "^3.2.5",
        "pretty-quick": "^4.0.0",
        "sinon": "^17.0.1"
      }
    }
  }
}
